{
  "version": "3",
  "redirects": {
    "https://deno.land/std/log/mod.ts": "https://deno.land/std@0.215.0/log/mod.ts",
    "https://deno.land/x/log/mod.ts": "https://deno.land/x/log@v1.1.1/mod.ts",
    "https://esm.sh/octokit?dts": "https://esm.sh/octokit@3.1.2?dts"
  },
  "remote": {
    "https://deno.land/std@0.189.0/fmt/colors.ts": "d67e3cd9f472535241a8e410d33423980bec45047e343577554d3356e1f0ef4e",
    "https://deno.land/std@0.189.0/streams/write_all.ts": "aec90152978581ea62d56bb53a5cbf487e6a89c902f87c5969681ffbdf32b998",
    "https://deno.land/std@0.210.0/assert/assert.ts": "e265ad50a9341f3b40e51dd4cb41ab253d976943ba78a977106950e52e0302ab",
    "https://deno.land/std@0.210.0/assert/assertion_error.ts": "26ed1863d905005f00785c89750c001c3522c5417e4f58f95044b8143cfc1593",
    "https://deno.land/std@0.210.0/bytes/copy.ts": "939d89e302a9761dcf1d9c937c7711174ed74c59eef40a1e4569a05c9de88219",
    "https://deno.land/std@0.210.0/fmt/colors.ts": "2685c524bef9b16b3059a417daf6860c754eb755e19e812762ef5dff62f24481",
    "https://deno.land/std@0.210.0/fs/exists.ts": "da38bab3cd416131a2075c1a532c69b0b634c2ce8d75222355aa6d3d15995199",
    "https://deno.land/std@0.210.0/io/buf_writer.ts": "6af65d3e243f8bb4ddbc921542ef8797e3bc128bccc43257fe081d57262ad48c",
    "https://deno.land/std@0.210.0/log/formatters.ts": "23da1a9d28c27fa9880e6b4b36f92726f1989a14c106eb35c23b4281e519395c",
    "https://deno.land/std@0.210.0/log/handlers.ts": "682234d655d519d13df9037ab788fc54fcaf676417f4bc7dd37bdbdb99e236ea",
    "https://deno.land/std@0.210.0/log/levels.ts": "11566b9982ca7dad854bb6e6d477041ac76da253743eaacc3f20bef410cc4e30",
    "https://deno.land/std@0.210.0/log/logger.ts": "fe3e2c4eb187f0f61f2be15ee191e1cc55c0c45c41a26bf4b3274740242121a7",
    "https://deno.land/std@0.210.0/log/mod.ts": "72ab0c2a237c8c867d197ae7fe348bfa0c61d7af2b25d986e2896e528f03f94f",
    "https://deno.land/std@0.215.0/assert/assert.ts": "bec068b2fccdd434c138a555b19a2c2393b71dfaada02b7d568a01541e67cdc5",
    "https://deno.land/std@0.215.0/assert/assertion_error.ts": "9f689a101ee586c4ce92f52fa7ddd362e86434ffdf1f848e45987dc7689976b8",
    "https://deno.land/std@0.215.0/fmt/colors.ts": "aeaee795471b56fc62a3cb2e174ed33e91551b535f44677f6320336aabb54fbb",
    "https://deno.land/std@0.215.0/fs/exists.ts": "d2757ef764eaf5c6c5af7228e8447db2de42ab084a2dae540097f905723d83f5",
    "https://deno.land/std@0.215.0/log/_config.ts": "0b872c28977eacb641515cfa0e86b1864083dfd0d95df1346b5ce2d2a83cd4f3",
    "https://deno.land/std@0.215.0/log/_state.ts": "02b0fe12e72c4da014b6030222066d48a77ec42d908133c6dfddabf33e6fc5e8",
    "https://deno.land/std@0.215.0/log/base_handler.ts": "c9479234e87afaa1fbb7a52a18c3eba878e50a5a238bdd1ed8fc88ae951cb4d9",
    "https://deno.land/std@0.215.0/log/console_handler.ts": "a1e96544380aa46e5e80fe800208b40495091a7385e754770d80e3454e4d30bd",
    "https://deno.land/std@0.215.0/log/critical.ts": "8b046c84df44f088666bbccd67f81d82d753ccfd856b4ab79d1ee5bed58488cd",
    "https://deno.land/std@0.215.0/log/debug.ts": "00e886bb529076aae090f2824ae6f16659875c211587ac77db60dfd725dd03e5",
    "https://deno.land/std@0.215.0/log/error.ts": "f455de928edb9c4120483d06e1e51c208dea703461d7bac3168f1ddea169907e",
    "https://deno.land/std@0.215.0/log/file_handler.ts": "7b58c7017117ae290700b0e23f21573c1dc8ba8b5d4978d8aa0b8e05742d75e2",
    "https://deno.land/std@0.215.0/log/formatters.ts": "6058f77368548bc7f12edf1277bc780f3a055dfd4854fd9356acadd5193d21db",
    "https://deno.land/std@0.215.0/log/get_logger.ts": "9c153ea3642e7fdabad752f65211d0e147d1863a07aef5c28991bc1e89df042c",
    "https://deno.land/std@0.215.0/log/info.ts": "f158bd21bd23876834c75eb9fc347583d850ff46b6461e08e926fe3fbb6c6e8e",
    "https://deno.land/std@0.215.0/log/levels.ts": "632ba12baa2600750d004cc5cb4eabe10e410f3f2bdfcb9f7142b6d767f2fee6",
    "https://deno.land/std@0.215.0/log/logger.ts": "a7a21f53c59f0d16227373d04ea302277a8d5be278105d71afe85b3d7b12067f",
    "https://deno.land/std@0.215.0/log/mod.ts": "e4ad2e0925dbcb9047621e06560efe5285e3a589b56d5213d102f379c12a1c3e",
    "https://deno.land/std@0.215.0/log/rotating_file_handler.ts": "dc0333959ff725ac1f43b741ababa9fef074f658a60c65235d12e44952085fbe",
    "https://deno.land/std@0.215.0/log/setup.ts": "d52ad7264d0f007365ef58f0d79f6915bbd670faf9a6a29f567abd7f96b7d10e",
    "https://deno.land/std@0.215.0/log/warn.ts": "9fa997d9a5b0b78f84c797f436f16458e1fc5468b424cd796907c476116bd658",
    "https://deno.land/x/log@v1.1.1/logger.ts": "aa331644808f6d4851e6039f87639384f868edab9445a92f2c0f950e0c30665a",
    "https://deno.land/x/log@v1.1.1/mod.ts": "d25221d60fd88b55a1f84c50b966244ed1f103daf5217545f0b06f08d52b8232",
    "https://deno.land/x/logger@v1.1.5/date.ts": "09041dc83c9cddb489b875f45b07336dd894c23b9dd5b47235b94180571a2efa",
    "https://deno.land/x/logger@v1.1.5/deps.ts": "1b09212250f8023edd69efb798874ca19bf90c4ed7cdcc1a292dc16c5bb2cf6d",
    "https://deno.land/x/logger@v1.1.5/eol.ts": "493acd048c546fd48bcd26365d4dadf3db81ce32c4611ca5b0b19e6de9f9826a",
    "https://deno.land/x/logger@v1.1.5/fs.ts": "7d1c7261e9f15d25c6c09df43169a4665bd9da7e2413534aa294f4b184f3fa4e",
    "https://deno.land/x/logger@v1.1.5/interface.ts": "7bca0b861b894e914508aab1afdd7e42e598695a50a3efe9db54be8ba4ab3b0e",
    "https://deno.land/x/logger@v1.1.5/logger.ts": "d058a83ec4ceb8582449d1a0f1ba4adce9a85d5c05b2fb1cf9920f7f896a0608",
    "https://deno.land/x/logger@v1.1.5/stdout.ts": "f11db1f6569681fe58139b07de1f76e205bf28f6e341a50d56d3b13d95c1f6bb",
    "https://deno.land/x/logger@v1.1.5/types.ts": "8835d0d56f500112f92b36d8f241f95bccef93f73de203f7cd86de3ab4383d80",
    "https://deno.land/x/logger@v1.1.5/writable.ts": "bb60ba4a798a10ac1649e30598c0c346055c0dcacb8f1e9452e4f66ea6680a45",
    "https://deno.land/x/logger@v1.1.5/writer.ts": "539ff3a1bdefef897ca1d13d387ee4d84d6491f460020454e9158076f5e09221",
    "https://esm.sh/octokit@3.1.2?dts": "893be022afada9d0e7257eafae8743dd9d17decb5d905b6b5a2f60df9ca17de7",
    "https://esm.sh/v135/@octokit/app@14.0.2/denonext/app.mjs": "4334bfe731978a9e3275cb53c26d9f1a78d202e926c9c6571765885350a678d4",
    "https://esm.sh/v135/@octokit/auth-app@6.0.1/denonext/auth-app.mjs": "14a0d001c97de201f2494ed78be41009d190df4e24878209805dca4ccb61a205",
    "https://esm.sh/v135/@octokit/auth-oauth-app@7.0.1/denonext/auth-oauth-app.mjs": "5db38d887d10dd263d764a53836e1874e87a5d3daceee2610f4f847bfa7b36e4",
    "https://esm.sh/v135/@octokit/auth-oauth-device@6.0.1/denonext/auth-oauth-device.mjs": "7c910565cee30ef3b4de188f7a65c1fac550645556e3471e3836065764bb6414",
    "https://esm.sh/v135/@octokit/auth-oauth-user@4.0.1/denonext/auth-oauth-user.mjs": "553289459a184ba043e4e562365107cf8836c34c212017d72bfe57b67aa0e19b",
    "https://esm.sh/v135/@octokit/auth-token@4.0.0/denonext/auth-token.mjs": "ab9285959f2bc3ca7942bfb81df3e2f15f5895c829455156647faa403b75703b",
    "https://esm.sh/v135/@octokit/auth-unauthenticated@5.0.1/denonext/auth-unauthenticated.mjs": "df223324a50c37e1c1a30540cfc7734e0963def74e1b291b2b63e0e14b87ab12",
    "https://esm.sh/v135/@octokit/core@5.0.2/denonext/core.mjs": "4d8d486843690723fe2f314d80c7a7783450064dc6fae231f05c755e227038ec",
    "https://esm.sh/v135/@octokit/endpoint@9.0.2/denonext/endpoint.mjs": "1a7a902350655f7c029a1a98e045bdf9743224fdda396ea14bd5e1876baa1998",
    "https://esm.sh/v135/@octokit/graphql@7.0.2/denonext/graphql.mjs": "72aa9d18b1ba8bf45a778e7c1287ee6eb110c4e0dd9d0de56dab96ea7456e6c9",
    "https://esm.sh/v135/@octokit/oauth-app@6.0.0/denonext/oauth-app.mjs": "a657094cb2a799a4ba7364351fdfe83af1d21c51d2d1ac8dd09006b1c235b904",
    "https://esm.sh/v135/@octokit/oauth-authorization-url@6.0.2/denonext/oauth-authorization-url.mjs": "c4a3809c1092ab4135bbb65ba82e885b915a3e0b68e8c9554c98766388baa399",
    "https://esm.sh/v135/@octokit/oauth-methods@4.0.0/denonext/oauth-methods.mjs": "359d27e6a203d839ab9d9019baab5e48f30c006e112875e55e0573f5d048edd8",
    "https://esm.sh/v135/@octokit/plugin-paginate-graphql@4.0.0/denonext/plugin-paginate-graphql.mjs": "a5cecabc85094e79ec138accb9f901d01af7d3eda10f101b6f30c45ce934a354",
    "https://esm.sh/v135/@octokit/plugin-paginate-rest@9.1.4/denonext/plugin-paginate-rest.mjs": "6c9ba63573f33f1d8fb57ba720c8f7ebca633767cd9a0e0e3fa25c2fa91cbaa1",
    "https://esm.sh/v135/@octokit/plugin-rest-endpoint-methods@10.1.5/denonext/plugin-rest-endpoint-methods.mjs": "2252ba9ecfd252ef2e1f86c29ba6ef7c15f7bf308f74aace5d9ae511cb9a8538",
    "https://esm.sh/v135/@octokit/plugin-retry@6.0.1/denonext/plugin-retry.mjs": "748a9c9f95567f793f79f6c46f26ec27fc3f4c99ba024ad278cd4768d94fc2bf",
    "https://esm.sh/v135/@octokit/plugin-throttling@8.1.3/denonext/plugin-throttling.mjs": "3beb99119538438e6d27a613f31404ce291cf9a5696dac8aaf14bcf6a88de35a",
    "https://esm.sh/v135/@octokit/request-error@5.0.1/denonext/request-error.mjs": "29545da3e16820c62df13044b08c0238e1b26b0cdaaaaad5049899f45a75b8a8",
    "https://esm.sh/v135/@octokit/request@8.1.5/denonext/request.mjs": "566127b020f1790f6e79217464ca2c633381497b78b197031d11168c99896d81",
    "https://esm.sh/v135/@octokit/request@8.1.6/denonext/request.mjs": "9a63ba0df8cc60838b04851ea1b18ec989131ace2641f2ea540127b4328934f1",
    "https://esm.sh/v135/@octokit/webhooks-methods@4.0.0/denonext/webhooks-methods.mjs": "b44d80a07e6e698c95a2fc2789e2caf10b4ff821300e947b2e79c449453a7a19",
    "https://esm.sh/v135/@octokit/webhooks@12.0.8/denonext/webhooks.mjs": "17e72b77385247c8b81b9baeaf65b30a95eb80d7e4a442856033c5a13490e77e",
    "https://esm.sh/v135/aggregate-error@3.1.0/denonext/aggregate-error.mjs": "7f1b0c33a6a93091f69cf635c21670b53e1cc5f8dde9042ad7e4fbf371237aba",
    "https://esm.sh/v135/before-after-hook@2.2.3/denonext/before-after-hook.mjs": "f4262d059d899d7fcaa8d903bcf352df38ac1c040bb45273d79de200ffdad267",
    "https://esm.sh/v135/bottleneck@2.19.5/denonext/light.js": "964cbaaa1bf999d34a2410023ae269f921c82c72009c707a1fd02fb6abad5b1d",
    "https://esm.sh/v135/btoa-lite@1.0.0/denonext/btoa-lite.mjs": "5f8ecdf77c8824225e30cf84b62ded0fa667ef51fe1a8b772b1ddf46410bf78f",
    "https://esm.sh/v135/clean-stack@2.2.0/denonext/clean-stack.mjs": "8a2732fd195c0663d9f8a3957932215f3d4cb45dbe2f4747c9f39a966a4f067b",
    "https://esm.sh/v135/deprecation@2.3.1/denonext/deprecation.mjs": "0bf7139d1068345709e59dddb4daea315691d290a8c896a6e076dea02dd66eaf",
    "https://esm.sh/v135/indent-string@4.0.0/denonext/indent-string.mjs": "de4038b836a42fe2a7c453bd0b44cdae706a9560bbef99b1857c13f9d55ace14",
    "https://esm.sh/v135/is-plain-object@5.0.0/denonext/is-plain-object.mjs": "6d9568ddc8b90de99a46c63e14984810280b6b021dc4e478803b3c240811985f",
    "https://esm.sh/v135/lru-cache@10.0.3/denonext/lru-cache.mjs": "2d4e2536e768b1b5f84e7e0fddd277d007925b6377b7971497383ff1e47a75e6",
    "https://esm.sh/v135/octokit@3.1.2/denonext/octokit.mjs": "c4b017c39398f8dd882e22703fb3a8b84e263cf06be38ef48fd8cb71e0b1fb0c",
    "https://esm.sh/v135/once@1.4.0/denonext/once.mjs": "5ab9193c36609f6c5cf6f1e2e37dd952c87d8ff0b0267433c29b228a2c470cd5",
    "https://esm.sh/v135/universal-github-app-jwt@1.1.1/denonext/universal-github-app-jwt.mjs": "546280ef9d50e167172bc039c0c2f4348a728ae1732f467af726b08491d2ea18",
    "https://esm.sh/v135/universal-user-agent@6.0.1/denonext/universal-user-agent.mjs": "053324bcacbaf066d185d6bf0a3797ee474d975f720ce75351238e420fc82c22",
    "https://esm.sh/v135/wrappy@1.0.2/denonext/wrappy.mjs": "3c31e4782e0307cf56b319fcec6110f925dafe6cb47a8fa23350d480f5fa8b06"
  }
}
