{
  "version": "3",
  "redirects": {
    "https://deno.land/std/log/mod.ts": "https://deno.land/std@0.215.0/log/mod.ts",
    "https://deno.land/x/cliffy/command/mod.ts": "https://deno.land/x/cliffy@v1.0.0-rc.3/command/mod.ts",
    "https://deno.land/x/log/mod.ts": "https://deno.land/x/log@v1.1.1/mod.ts",
    "https://esm.sh/octokit?dts": "https://esm.sh/octokit@3.1.2?dts"
  },
  "remote": {
    "https://cdn.skypack.dev/-/@octokit/plugin-paginate-graphql@v4.0.0-I9PKwbzjd6SHZpduZ6xv/dist=es2019,mode=imports/optimized/@octokit/plugin-paginate-graphql.js": "462de736e99a43c64578f74e54427fd5f0705e30551f1f18fbc3382b2a794c1b",
    "https://cdn.skypack.dev/-/@octokit/plugin-paginate-rest@v9.1.4-aNx4leOkgapDKupFh7D6/dist=es2019,mode=imports/optimized/@octokit/plugin-paginate-rest.js": "a0b973608f2161beaa11bc3f53d790ac40b351df990f19884a4473f8c656da81",
    "https://cdn.skypack.dev/-/@octokit/plugin-rest-endpoint-methods@v10.1.5-ztzADW49NTT7t1GteuYu/dist=es2019,mode=imports/optimized/@octokit/plugin-rest-endpoint-methods.js": "7162286af9a40822720747cfe924c67c386735ceb03b50d392b1753900f4fc97",
    "https://cdn.skypack.dev/-/@octokit/plugin-retry@v6.0.1-vQlXTadHUp6VwmIacWA3/dist=es2019,mode=imports/optimized/@octokit/plugin-retry.js": "71e02521269294b6a61eeb022fc1176a90950a807b1e608b56c470a8249586d7",
    "https://cdn.skypack.dev/-/@octokit/plugin-throttling@v8.1.2-ZppOGf1PwssPLN7i2i4K/dist=es2019,mode=imports/optimized/@octokit/plugin-throttling.js": "bf2ab5d0a1b9935d46000e7b58b628a36994d35635c3c8e2286299496ce29797",
    "https://cdn.skypack.dev/-/@octokit/request-error@v5.0.1-k8Taisb8vfEcvQVySk0h/dist=es2019,mode=imports/optimized/@octokit/request-error.js": "72409dbe6dabfeed08701e925eb837aa7965c58cdeed3dcedd345d0037965837",
    "https://cdn.skypack.dev/-/bottleneck@v2.19.5-WnyfIkTTdKNNPUEySJVJ/dist=es2019,mode=imports/unoptimized/light.js": "8cc75c9dfa1f58a9bd0a17f10d9b97dba8858974a9a6e1e47c20ce437ac72933",
    "https://cdn.skypack.dev/-/deprecation@v2.3.1-uvOjAQiALAZPHmrlznlP/dist=es2019,mode=imports/optimized/deprecation.js": "193048b24ad63bc08fa2acbc65df7b57ddd8421aec8abf378e38e6978b5c0b33",
    "https://cdn.skypack.dev/-/octokit@v3.1.2-pvl7Jy9C5dsovamrF2M8/dist=es2019,mode=imports/optimized/octokit.js": "1646bd9b65f3357d4db378e05c38aecea89b5c9a996f13121adea7217d1ab5f4",
    "https://cdn.skypack.dev/-/once@v1.4.0-dZva3nt1fLBY6vpXF5Hj/dist=es2019,mode=imports/optimized/once.js": "2ecef4cecb6b0f4aec108af8e23b1d23304494bea8fc569464a6c2a11fda6486",
    "https://cdn.skypack.dev/-/wrappy@v1.0.2-e8nLh7Qms0NRhbAbUpJP/dist=es2019,mode=imports/optimized/wrappy.js": "01dc1f36207f5400dad37bac2acddb2de0466953f289b8c84b7100e8b160fbb2",
    "https://cdn.skypack.dev/error/build:@octokit/app@v14.0.2-WTZOVdMctpIP9F0ieJ8g?from=octokit": "53e75b4617f9b852aeeb11f11880403c2554677ee6e2df438cb66f8c9f8436ab",
    "https://cdn.skypack.dev/error/build:@octokit/core@v5.0.0-qb8w1CDc8GFGwpCOchYZ?from=@octokit/plugin-paginate-graphql": "157438dff395b08b103772970a96b89146a6b54161efab4e653a156f9de443eb",
    "https://cdn.skypack.dev/error/build:@octokit/core@v5.0.1-BvDeUW9BE73CR4xrOB8k?from=@octokit/plugin-retry": "4e4469006a1669c79a77a1c66793a2436bdf690561af5b26661c94af040b6cd6",
    "https://cdn.skypack.dev/error/build:@octokit/core@v5.0.1-BvDeUW9BE73CR4xrOB8k?from=@octokit/plugin-throttling": "f366b044cedb3b310a0859b94883df80466c45710d5564d777604d5b10f0353c",
    "https://cdn.skypack.dev/error/build:@octokit/core@v5.0.1-BvDeUW9BE73CR4xrOB8k?from=octokit": "aeb4fa56eed221b4aeb9e0a46194e7ca0418d52b2dcf18a2219cd18e033ae979",
    "https://cdn.skypack.dev/error/build:@octokit/oauth-app@v6.0.0-AyFk1mE83QkMJr18OH8M?from=octokit": "d90b39f74fab39cbde250a1919c18570e57513f22cb0573ab83a8c3b4ba422c7",
    "https://cdn.skypack.dev/octokit?dts": "b9628b0a5d2c52601f34565f0eebab83dff5b712144492cd2c4f131ccd2f2b8e",
    "https://deno.land/std@0.189.0/fmt/colors.ts": "d67e3cd9f472535241a8e410d33423980bec45047e343577554d3356e1f0ef4e",
    "https://deno.land/std@0.189.0/streams/write_all.ts": "aec90152978581ea62d56bb53a5cbf487e6a89c902f87c5969681ffbdf32b998",
    "https://deno.land/std@0.196.0/assert/assert.ts": "9a97dad6d98c238938e7540736b826440ad8c1c1e54430ca4c4e623e585607ee",
    "https://deno.land/std@0.196.0/assert/assertion_error.ts": "4d0bde9b374dfbcbe8ac23f54f567b77024fb67dbb1906a852d67fe050d42f56",
    "https://deno.land/std@0.196.0/console/_data.json": "cf2cc9d039a192b3adbfe64627167c7e6212704c888c25c769fc8f1709e1e1b8",
    "https://deno.land/std@0.196.0/console/_rle.ts": "56668d5c44f964f1b4ff93f21c9896df42d6ee4394e814db52d6d13f5bb247c7",
    "https://deno.land/std@0.196.0/console/unicode_width.ts": "10661c0f2eeab802d16b8b85ed8825bbc573991bbfb6affed32dc1ff994f54f9",
    "https://deno.land/std@0.196.0/fmt/colors.ts": "a7eecffdf3d1d54db890723b303847b6e0a1ab4b528ba6958b8f2e754cf1b3bc",
    "https://deno.land/std@0.210.0/assert/assert.ts": "e265ad50a9341f3b40e51dd4cb41ab253d976943ba78a977106950e52e0302ab",
    "https://deno.land/std@0.210.0/assert/assertion_error.ts": "26ed1863d905005f00785c89750c001c3522c5417e4f58f95044b8143cfc1593",
    "https://deno.land/std@0.210.0/bytes/copy.ts": "939d89e302a9761dcf1d9c937c7711174ed74c59eef40a1e4569a05c9de88219",
    "https://deno.land/std@0.210.0/fmt/colors.ts": "2685c524bef9b16b3059a417daf6860c754eb755e19e812762ef5dff62f24481",
    "https://deno.land/std@0.210.0/fs/exists.ts": "da38bab3cd416131a2075c1a532c69b0b634c2ce8d75222355aa6d3d15995199",
    "https://deno.land/std@0.210.0/io/buf_writer.ts": "6af65d3e243f8bb4ddbc921542ef8797e3bc128bccc43257fe081d57262ad48c",
    "https://deno.land/std@0.210.0/log/formatters.ts": "23da1a9d28c27fa9880e6b4b36f92726f1989a14c106eb35c23b4281e519395c",
    "https://deno.land/std@0.210.0/log/handlers.ts": "682234d655d519d13df9037ab788fc54fcaf676417f4bc7dd37bdbdb99e236ea",
    "https://deno.land/std@0.210.0/log/levels.ts": "11566b9982ca7dad854bb6e6d477041ac76da253743eaacc3f20bef410cc4e30",
    "https://deno.land/std@0.210.0/log/logger.ts": "fe3e2c4eb187f0f61f2be15ee191e1cc55c0c45c41a26bf4b3274740242121a7",
    "https://deno.land/std@0.210.0/log/mod.ts": "72ab0c2a237c8c867d197ae7fe348bfa0c61d7af2b25d986e2896e528f03f94f",
    "https://deno.land/std@0.215.0/assert/assert.ts": "bec068b2fccdd434c138a555b19a2c2393b71dfaada02b7d568a01541e67cdc5",
    "https://deno.land/std@0.215.0/assert/assertion_error.ts": "9f689a101ee586c4ce92f52fa7ddd362e86434ffdf1f848e45987dc7689976b8",
    "https://deno.land/std@0.215.0/fmt/colors.ts": "aeaee795471b56fc62a3cb2e174ed33e91551b535f44677f6320336aabb54fbb",
    "https://deno.land/std@0.215.0/fs/exists.ts": "d2757ef764eaf5c6c5af7228e8447db2de42ab084a2dae540097f905723d83f5",
    "https://deno.land/std@0.215.0/log/_config.ts": "0b872c28977eacb641515cfa0e86b1864083dfd0d95df1346b5ce2d2a83cd4f3",
    "https://deno.land/std@0.215.0/log/_state.ts": "02b0fe12e72c4da014b6030222066d48a77ec42d908133c6dfddabf33e6fc5e8",
    "https://deno.land/std@0.215.0/log/base_handler.ts": "c9479234e87afaa1fbb7a52a18c3eba878e50a5a238bdd1ed8fc88ae951cb4d9",
    "https://deno.land/std@0.215.0/log/console_handler.ts": "a1e96544380aa46e5e80fe800208b40495091a7385e754770d80e3454e4d30bd",
    "https://deno.land/std@0.215.0/log/critical.ts": "8b046c84df44f088666bbccd67f81d82d753ccfd856b4ab79d1ee5bed58488cd",
    "https://deno.land/std@0.215.0/log/debug.ts": "00e886bb529076aae090f2824ae6f16659875c211587ac77db60dfd725dd03e5",
    "https://deno.land/std@0.215.0/log/error.ts": "f455de928edb9c4120483d06e1e51c208dea703461d7bac3168f1ddea169907e",
    "https://deno.land/std@0.215.0/log/file_handler.ts": "7b58c7017117ae290700b0e23f21573c1dc8ba8b5d4978d8aa0b8e05742d75e2",
    "https://deno.land/std@0.215.0/log/formatters.ts": "6058f77368548bc7f12edf1277bc780f3a055dfd4854fd9356acadd5193d21db",
    "https://deno.land/std@0.215.0/log/get_logger.ts": "9c153ea3642e7fdabad752f65211d0e147d1863a07aef5c28991bc1e89df042c",
    "https://deno.land/std@0.215.0/log/info.ts": "f158bd21bd23876834c75eb9fc347583d850ff46b6461e08e926fe3fbb6c6e8e",
    "https://deno.land/std@0.215.0/log/levels.ts": "632ba12baa2600750d004cc5cb4eabe10e410f3f2bdfcb9f7142b6d767f2fee6",
    "https://deno.land/std@0.215.0/log/logger.ts": "a7a21f53c59f0d16227373d04ea302277a8d5be278105d71afe85b3d7b12067f",
    "https://deno.land/std@0.215.0/log/mod.ts": "e4ad2e0925dbcb9047621e06560efe5285e3a589b56d5213d102f379c12a1c3e",
    "https://deno.land/std@0.215.0/log/rotating_file_handler.ts": "dc0333959ff725ac1f43b741ababa9fef074f658a60c65235d12e44952085fbe",
    "https://deno.land/std@0.215.0/log/setup.ts": "d52ad7264d0f007365ef58f0d79f6915bbd670faf9a6a29f567abd7f96b7d10e",
    "https://deno.land/std@0.215.0/log/warn.ts": "9fa997d9a5b0b78f84c797f436f16458e1fc5468b424cd796907c476116bd658",
    "https://deno.land/std@0.215.0/yaml/_dumper/dumper.ts": "4b99e84f2827da0e88684527baa87e52f2bb7dcead365204877ab90b902afe7a",
    "https://deno.land/std@0.215.0/yaml/_dumper/dumper_state.ts": "ea262b459dc891c4828a0f814841abfe12d160d319c4b57eb11ed0c768cfcb6b",
    "https://deno.land/std@0.215.0/yaml/_error.ts": "f38cdebdb69cde16903d9aa2f3b8a3dd9d13e5f7f3570bf662bfaca69fef669e",
    "https://deno.land/std@0.215.0/yaml/_loader/loader.ts": "7155bbcdefd49812f9b38307ce14b22209cda4db9b4b71e67c6aa655facc31da",
    "https://deno.land/std@0.215.0/yaml/_loader/loader_state.ts": "ee216de6040551940b85473c3185fdb7a6f3030b77153f87a6b7f63f82e489ea",
    "https://deno.land/std@0.215.0/yaml/_mark.ts": "1d9d071f8c62d19f284ca4a5aae41680e67653a06a2a4b0eccf931fc5719afa1",
    "https://deno.land/std@0.215.0/yaml/_state.ts": "f3b1c1fd11860302f1f33e35e9ce089bf069d4943e8d67516cd6bedbba058c13",
    "https://deno.land/std@0.215.0/yaml/_type/binary.ts": "26216e8f306e62401ba00e306e93cdd5fb88da361cdaa567e63ee216dc3ebf93",
    "https://deno.land/std@0.215.0/yaml/_type/bool.ts": "121743b23ba82a27ad6a3ec6298c7f5b0908f90e52707f8644a91f7ad51ed2ef",
    "https://deno.land/std@0.215.0/yaml/_type/float.ts": "0715349f2159746e2ef9d1d84b90aeb00a123caaa8f5b74cd3c95000743e8174",
    "https://deno.land/std@0.215.0/yaml/_type/function.ts": "bbf705058942bf3370604b37eb77a10aadd72f986c237c9f69b43378a42202c1",
    "https://deno.land/std@0.215.0/yaml/_type/int.ts": "0f595280172b6b39229713a4f8808ca78e6f99da9bc3e5c53135c50ed0a7e83d",
    "https://deno.land/std@0.215.0/yaml/_type/map.ts": "ae2acb1cb837fb8e96c75c98611cfd45af847d0114ab5336333c318e7d4b12f4",
    "https://deno.land/std@0.215.0/yaml/_type/merge.ts": "ad0d971f91d2fb9f4ab3eba0c837eae357b1804d6b798adc99dc917bc5306b11",
    "https://deno.land/std@0.215.0/yaml/_type/mod.ts": "e8929d7b1c969a74f76338d4eb380ef8c4a26cd6441117d521f076b766e9c265",
    "https://deno.land/std@0.215.0/yaml/_type/nil.ts": "cbe4387d02d5933322c21b25d8955c5e6228c492e391a6fb82dcf4f498cc421c",
    "https://deno.land/std@0.215.0/yaml/_type/omap.ts": "cda915105ab22ba9e1d6317adacee8eec2d8ddaf864cc2f814e3e476946e72c6",
    "https://deno.land/std@0.215.0/yaml/_type/pairs.ts": "f97d7dc2b3fa18e246763f44147f6df0d6036c7e122af3e7b6692e4a6b0e289f",
    "https://deno.land/std@0.215.0/yaml/_type/regexp.ts": "e49eb9e1c9356fd142bc15f7f323820d411fcc537b5ba3896df9a8b812d270a4",
    "https://deno.land/std@0.215.0/yaml/_type/seq.ts": "2deffc7f970869bc01a1541b4961d076329a1c2b30b95e07918f3132db7c3fe2",
    "https://deno.land/std@0.215.0/yaml/_type/set.ts": "be8a9e7237a7ffc92dfbe7f5e552d84b7eeba60f3f73cc77fc3c59d3506c74ea",
    "https://deno.land/std@0.215.0/yaml/_type/str.ts": "88f0a1ba12295520cd57e96cd78d53aa0787d53c7a1c506155f418c496c2f550",
    "https://deno.land/std@0.215.0/yaml/_type/timestamp.ts": "57a6bb4a0f0bd5eab85a1f0ee5ac8820fd3125ea939dc8a037de997a2b6ad05d",
    "https://deno.land/std@0.215.0/yaml/_type/undefined.ts": "9d215953c65740f1764e0bdca021007573473f0c49e087f00d9ff02817ecfc97",
    "https://deno.land/std@0.215.0/yaml/_utils.ts": "91bbe28b5e7000b9594e40ff5353f8fe7a7ba914eec917e1202cbaf5ac931c58",
    "https://deno.land/std@0.215.0/yaml/mod.ts": "54e9bfad77c8cd58f49b65f4d568045ff08989ed36318a2ca733a43cb6f1bc00",
    "https://deno.land/std@0.215.0/yaml/parse.ts": "d9aff5bbd280c32f2e37d3d3ea3e8cc8f1e20026727550abb42b24b9ada1d686",
    "https://deno.land/std@0.215.0/yaml/schema.ts": "dae089ffa1ac4a2b031176aa019e126be6f7230a3011de38463ead8639b14739",
    "https://deno.land/std@0.215.0/yaml/schema/core.ts": "1222f9401e2a0c1d38e63d753da98be333e61a6032335e9c46a68bd45ecce85a",
    "https://deno.land/std@0.215.0/yaml/schema/default.ts": "b77c71cfd453951dd828e5f2f02f9f37335c9c0a49c8051d1a9653fa82357740",
    "https://deno.land/std@0.215.0/yaml/schema/extended.ts": "996da59626409047b5c1a2d68bdbeead43914cedede47c5923e80ae4febe7d24",
    "https://deno.land/std@0.215.0/yaml/schema/failsafe.ts": "24b2b630cef6fcce7de6d29db651523b0f49e5691d690931c42ecf4823837fdb",
    "https://deno.land/std@0.215.0/yaml/schema/json.ts": "0fb9268282d266c24d963e75ef77f51accbbb74f40713a99e83ad621a81bc9ae",
    "https://deno.land/std@0.215.0/yaml/schema/mod.ts": "9bf7ff80c2a246f781bdcab979211d0389760831a974cf5883bf2016567e3507",
    "https://deno.land/std@0.215.0/yaml/stringify.ts": "580f8b2fa56e3233424520d8242f4fc0edf41ac54a6a6d2f6f8e0b6e99cd63c0",
    "https://deno.land/std@0.215.0/yaml/type.ts": "708dde5f20b01cc1096489b7155b6af79a217d585afb841128e78c3c2391eb5c",
    "https://deno.land/std@0.216.0/async/delay.ts": "8e1d18fe8b28ff95885e2bc54eccec1713f57f756053576d8228e6ca110793ad",
    "https://deno.land/x/cliffy@v1.0.0-rc.3/_utils/distance.ts": "02af166952c7c358ac83beae397aa2fbca4ad630aecfcd38d92edb1ea429f004",
    "https://deno.land/x/cliffy@v1.0.0-rc.3/command/_argument_types.ts": "ab269dacea2030f865a07c2a1e953ec437a64419a05bad1f1ddaab3f99752ead",
    "https://deno.land/x/cliffy@v1.0.0-rc.3/command/_errors.ts": "12d513ff401020287a344e0830e1297ce1c80c077ecb91e0ac5db44d04a6019c",
    "https://deno.land/x/cliffy@v1.0.0-rc.3/command/_spread.ts": "0cc6eb70a6df97b5d7d26008822d39f3e8a1232ee0a27f395aa19e68de738245",
    "https://deno.land/x/cliffy@v1.0.0-rc.3/command/_type_utils.ts": "820004a59bc858e355b11f80e5b3ff1be2c87e66f31f53f253610170795602f0",
    "https://deno.land/x/cliffy@v1.0.0-rc.3/command/_utils.ts": "3c88ff4f36eba298beb07de08068fdce5e5cb7b9d82c8a319f09596d8279be64",
    "https://deno.land/x/cliffy@v1.0.0-rc.3/command/command.ts": "ae690745759524082776b7f271f66d5b93933170b1b132f888bd4ac12e9fdd7d",
    "https://deno.land/x/cliffy@v1.0.0-rc.3/command/completions/_bash_completions_generator.ts": "0c6cb1df4d378d22f001155781d97a9c3519fd10c48187a198fef2cc63b0f84a",
    "https://deno.land/x/cliffy@v1.0.0-rc.3/command/completions/_fish_completions_generator.ts": "8ba4455f7f76a756e05c3db4ce35332b2951af65a2891f2750b530e06880f495",
    "https://deno.land/x/cliffy@v1.0.0-rc.3/command/completions/_zsh_completions_generator.ts": "c74525feaf570fe8c14433c30d192622c25603f1fc64694ef69f2a218b41f230",
    "https://deno.land/x/cliffy@v1.0.0-rc.3/command/completions/bash.ts": "53fe78994eb2359110dc4fa79235bdd86800a38c1d6b1c4fe673c81756f3a0e2",
    "https://deno.land/x/cliffy@v1.0.0-rc.3/command/completions/complete.ts": "58df61caa5e6220ff2768636a69337923ad9d4b8c1932aeb27165081c4d07d8b",
    "https://deno.land/x/cliffy@v1.0.0-rc.3/command/completions/completions_command.ts": "506f97f1c6b0b1c3e9956e5069070028b818942310600d4157f64c9b644d3c49",
    "https://deno.land/x/cliffy@v1.0.0-rc.3/command/completions/fish.ts": "6f0b44b4067740b2931c9ec8863b6619b1d3410fea0c5a3988525a4c53059197",
    "https://deno.land/x/cliffy@v1.0.0-rc.3/command/completions/mod.ts": "8dda715ca25f3f66d5ec232b76d7c9a96dd4c64b5029feff91738cc0c9586fb1",
    "https://deno.land/x/cliffy@v1.0.0-rc.3/command/completions/zsh.ts": "f1263c3946975e090d4aadc8681db811d86b52a8ae680f246e03248025885c21",
    "https://deno.land/x/cliffy@v1.0.0-rc.3/command/deprecated.ts": "bbe6670f1d645b773d04b725b8b8e7814c862c9f1afba460c4d599ffe9d4983c",
    "https://deno.land/x/cliffy@v1.0.0-rc.3/command/deps.ts": "7473ebd5625bf901becd7ff80afdde3b8a50ae5d1bbfa2f43805cfacf4559d5a",
    "https://deno.land/x/cliffy@v1.0.0-rc.3/command/help/_help_generator.ts": "532dd4a928baab8b45ce46bb6d20e2ebacfdf3da141ce9d12da796652b1de478",
    "https://deno.land/x/cliffy@v1.0.0-rc.3/command/help/help_command.ts": "fbbf0c0827dd21d3cec7bcc68c00c20b55f53e2b621032891b9d23ac4191231c",
    "https://deno.land/x/cliffy@v1.0.0-rc.3/command/help/mod.ts": "8369b292761dcc9ddaf41f2d34bfb06fb6800b69efe80da4fc9752c3b890275b",
    "https://deno.land/x/cliffy@v1.0.0-rc.3/command/mod.ts": "4b708df1b97152522bee0e3828f06abbbc1d2250168910e5cf454950d7b7404b",
    "https://deno.land/x/cliffy@v1.0.0-rc.3/command/type.ts": "f588f5d9635b79100044e62aced4b00e510e75b83801f9b089c40c2d98674de2",
    "https://deno.land/x/cliffy@v1.0.0-rc.3/command/types.ts": "bc9ff7459b9cc1079eeb95ff101690a51b4b4afa4af5623340076ee361d08dbb",
    "https://deno.land/x/cliffy@v1.0.0-rc.3/command/types/action_list.ts": "33c98d449617c7a563a535c9ceb3741bde9f6363353fd492f90a74570c611c27",
    "https://deno.land/x/cliffy@v1.0.0-rc.3/command/types/boolean.ts": "3879ec16092b4b5b1a0acb8675f8c9250c0b8a972e1e4c7adfba8335bd2263ed",
    "https://deno.land/x/cliffy@v1.0.0-rc.3/command/types/child_command.ts": "f1fca390c7fbfa7a713ca15ef55c2c7656bcbb394d50e8ef54085bdf6dc22559",
    "https://deno.land/x/cliffy@v1.0.0-rc.3/command/types/command.ts": "325d0382e383b725fd8d0ef34ebaeae082c5b76a1f6f2e843fee5dbb1a4fe3ac",
    "https://deno.land/x/cliffy@v1.0.0-rc.3/command/types/enum.ts": "8a7cd2898e03089234083bb78c8b1d9b7172254c53c32d4710321638165a48ec",
    "https://deno.land/x/cliffy@v1.0.0-rc.3/command/types/file.ts": "8618f16ac9015c8589cbd946b3de1988cc4899b90ea251f3325c93c46745140e",
    "https://deno.land/x/cliffy@v1.0.0-rc.3/command/types/integer.ts": "29864725fd48738579d18123d7ee78fed37515e6dc62146c7544c98a82f1778d",
    "https://deno.land/x/cliffy@v1.0.0-rc.3/command/types/number.ts": "aeba96e6f470309317a16b308c82e0e4138a830ec79c9877e4622c682012bc1f",
    "https://deno.land/x/cliffy@v1.0.0-rc.3/command/types/string.ts": "e4dadb08a11795474871c7967beab954593813bb53d9f69ea5f9b734e43dc0e0",
    "https://deno.land/x/cliffy@v1.0.0-rc.3/command/upgrade/_check_version.ts": "6cfa7dc26bc0dc46381500e8d4b130fb224f4c5456152dada15bd3793edca89b",
    "https://deno.land/x/cliffy@v1.0.0-rc.3/command/upgrade/mod.ts": "4eff69c489467be17dea27fb95a795396111ee385d170ac0cbcc82f0ea38156c",
    "https://deno.land/x/cliffy@v1.0.0-rc.3/command/upgrade/provider.ts": "c23253334097dc4b8a147ccdeb3aa44f5a95aa953a6386cb5396f830d95d77a5",
    "https://deno.land/x/cliffy@v1.0.0-rc.3/command/upgrade/provider/deno_land.ts": "24f8d82e38c51e09be989f30f8ad21f9dd41ac1bb1973b443a13883e8ba06d6d",
    "https://deno.land/x/cliffy@v1.0.0-rc.3/command/upgrade/provider/github.ts": "99e1b133dd446c6aa79f69e69c46eb8bc1c968dd331c2a7d4064514a317c7b59",
    "https://deno.land/x/cliffy@v1.0.0-rc.3/command/upgrade/provider/nest_land.ts": "0e07936cea04fa41ac9297f32d87f39152ea873970c54cb5b4934b12fee1885e",
    "https://deno.land/x/cliffy@v1.0.0-rc.3/command/upgrade/upgrade_command.ts": "3640a287d914190241ea1e636774b1b4b0e1828fa75119971dd5304784061e05",
    "https://deno.land/x/cliffy@v1.0.0-rc.3/flags/_errors.ts": "f1fbb6bfa009e7950508c9d491cfb4a5551027d9f453389606adb3f2327d048f",
    "https://deno.land/x/cliffy@v1.0.0-rc.3/flags/_utils.ts": "340d3ecab43cde9489187e1f176504d2c58485df6652d1cdd907c0e9c3ce4cc2",
    "https://deno.land/x/cliffy@v1.0.0-rc.3/flags/_validate_flags.ts": "e60b9038c0136ab7e6bd1baf0e993a07bf23f18afbfb6e12c59adf665a622957",
    "https://deno.land/x/cliffy@v1.0.0-rc.3/flags/deprecated.ts": "a72a35de3cc7314e5ebea605ca23d08385b218ef171c32a3f135fb4318b08126",
    "https://deno.land/x/cliffy@v1.0.0-rc.3/flags/flags.ts": "3e62c4a9756b5705aada29e7e94847001356b3a83cd18ad56f4207387a71cf51",
    "https://deno.land/x/cliffy@v1.0.0-rc.3/flags/mod.ts": "a96262acdb33089b4ff2ce50a95858c86e3b2d146f397d0f357660e70fbff28f",
    "https://deno.land/x/cliffy@v1.0.0-rc.3/flags/types.ts": "9e2f75edff2217d972fc711a21676a59dfd88378da2f1ace440ea84c07db1dcc",
    "https://deno.land/x/cliffy@v1.0.0-rc.3/flags/types/boolean.ts": "4c026dd66ec9c5436860dc6d0241427bdb8d8e07337ad71b33c08193428a2236",
    "https://deno.land/x/cliffy@v1.0.0-rc.3/flags/types/integer.ts": "b60d4d590f309ddddf066782d43e4dc3799f0e7d08e5ede7dc62a5ee94b9a6d9",
    "https://deno.land/x/cliffy@v1.0.0-rc.3/flags/types/number.ts": "610936e2d29de7c8c304b65489a75ebae17b005c6122c24e791fbed12444d51e",
    "https://deno.land/x/cliffy@v1.0.0-rc.3/flags/types/string.ts": "e89b6a5ce322f65a894edecdc48b44956ec246a1d881f03e97bbda90dd8638c5",
    "https://deno.land/x/cliffy@v1.0.0-rc.3/table/_layout.ts": "e4a518da28333de95ad791208b9930025987c8b93d5f8b7f30b377b3e26b24e1",
    "https://deno.land/x/cliffy@v1.0.0-rc.3/table/_utils.ts": "fd48d1a524a42e72aa3ad2eec858a92f5a00728d306c7e8436fba6c34314fee6",
    "https://deno.land/x/cliffy@v1.0.0-rc.3/table/border.ts": "5c6e9ef5078c6930169aacb668b274bdbb498461c724a7693ac9270fe9d3f5d5",
    "https://deno.land/x/cliffy@v1.0.0-rc.3/table/cell.ts": "1ffabd43b6b7fddfac9625cb0d015532e144702a9bfed03b358b79375115d06b",
    "https://deno.land/x/cliffy@v1.0.0-rc.3/table/column.ts": "cf14009f2cb14bad156f879946186c1893acdc6a2fee6845db152edddb6a2714",
    "https://deno.land/x/cliffy@v1.0.0-rc.3/table/consume_words.ts": "456e75755fdf6966abdefb8b783df2855e2a8bad6ddbdf21bd748547c5fc1d4b",
    "https://deno.land/x/cliffy@v1.0.0-rc.3/table/deps.ts": "1226c4d39d53edc81d7c3e661fb8a79f2e704937c276c60355cd4947a0fe9153",
    "https://deno.land/x/cliffy@v1.0.0-rc.3/table/row.ts": "79eb1468aafdd951e5963898cdafe0752d4ab4c519d5f847f3d8ecb8fe857d4f",
    "https://deno.land/x/cliffy@v1.0.0-rc.3/table/table.ts": "298671e72e61f1ab18b42ae36643181993f79e29b39dc411fdc6ffd53aa04684",
    "https://deno.land/x/log@v1.1.1/logger.ts": "aa331644808f6d4851e6039f87639384f868edab9445a92f2c0f950e0c30665a",
    "https://deno.land/x/log@v1.1.1/mod.ts": "d25221d60fd88b55a1f84c50b966244ed1f103daf5217545f0b06f08d52b8232",
    "https://deno.land/x/logger@v1.1.5/date.ts": "09041dc83c9cddb489b875f45b07336dd894c23b9dd5b47235b94180571a2efa",
    "https://deno.land/x/logger@v1.1.5/deps.ts": "1b09212250f8023edd69efb798874ca19bf90c4ed7cdcc1a292dc16c5bb2cf6d",
    "https://deno.land/x/logger@v1.1.5/eol.ts": "493acd048c546fd48bcd26365d4dadf3db81ce32c4611ca5b0b19e6de9f9826a",
    "https://deno.land/x/logger@v1.1.5/fs.ts": "7d1c7261e9f15d25c6c09df43169a4665bd9da7e2413534aa294f4b184f3fa4e",
    "https://deno.land/x/logger@v1.1.5/interface.ts": "7bca0b861b894e914508aab1afdd7e42e598695a50a3efe9db54be8ba4ab3b0e",
    "https://deno.land/x/logger@v1.1.5/logger.ts": "d058a83ec4ceb8582449d1a0f1ba4adce9a85d5c05b2fb1cf9920f7f896a0608",
    "https://deno.land/x/logger@v1.1.5/stdout.ts": "f11db1f6569681fe58139b07de1f76e205bf28f6e341a50d56d3b13d95c1f6bb",
    "https://deno.land/x/logger@v1.1.5/types.ts": "8835d0d56f500112f92b36d8f241f95bccef93f73de203f7cd86de3ab4383d80",
    "https://deno.land/x/logger@v1.1.5/writable.ts": "bb60ba4a798a10ac1649e30598c0c346055c0dcacb8f1e9452e4f66ea6680a45",
    "https://deno.land/x/logger@v1.1.5/writer.ts": "539ff3a1bdefef897ca1d13d387ee4d84d6491f460020454e9158076f5e09221",
    "https://esm.sh/octokit@3.1.2?dts": "893be022afada9d0e7257eafae8743dd9d17decb5d905b6b5a2f60df9ca17de7",
    "https://esm.sh/octokit@v3.0.0": "3ccd1064392252982f29c3b1ec373844e88218e01b3a6a18936e19de6530c700",
    "https://esm.sh/octokit@v3.1.2": "893be022afada9d0e7257eafae8743dd9d17decb5d905b6b5a2f60df9ca17de7",
    "https://esm.sh/v135/@octokit/app@14.0.2/denonext/app.mjs": "4334bfe731978a9e3275cb53c26d9f1a78d202e926c9c6571765885350a678d4",
    "https://esm.sh/v135/@octokit/auth-app@6.0.1/denonext/auth-app.mjs": "14a0d001c97de201f2494ed78be41009d190df4e24878209805dca4ccb61a205",
    "https://esm.sh/v135/@octokit/auth-oauth-app@7.0.1/denonext/auth-oauth-app.mjs": "5db38d887d10dd263d764a53836e1874e87a5d3daceee2610f4f847bfa7b36e4",
    "https://esm.sh/v135/@octokit/auth-oauth-device@6.0.1/denonext/auth-oauth-device.mjs": "7c910565cee30ef3b4de188f7a65c1fac550645556e3471e3836065764bb6414",
    "https://esm.sh/v135/@octokit/auth-oauth-user@4.0.1/denonext/auth-oauth-user.mjs": "553289459a184ba043e4e562365107cf8836c34c212017d72bfe57b67aa0e19b",
    "https://esm.sh/v135/@octokit/auth-token@4.0.0/denonext/auth-token.mjs": "ab9285959f2bc3ca7942bfb81df3e2f15f5895c829455156647faa403b75703b",
    "https://esm.sh/v135/@octokit/auth-unauthenticated@5.0.1/denonext/auth-unauthenticated.mjs": "df223324a50c37e1c1a30540cfc7734e0963def74e1b291b2b63e0e14b87ab12",
    "https://esm.sh/v135/@octokit/core@5.0.2/denonext/core.mjs": "4d8d486843690723fe2f314d80c7a7783450064dc6fae231f05c755e227038ec",
    "https://esm.sh/v135/@octokit/endpoint@9.0.2/denonext/endpoint.mjs": "1a7a902350655f7c029a1a98e045bdf9743224fdda396ea14bd5e1876baa1998",
    "https://esm.sh/v135/@octokit/graphql@7.0.2/denonext/graphql.mjs": "72aa9d18b1ba8bf45a778e7c1287ee6eb110c4e0dd9d0de56dab96ea7456e6c9",
    "https://esm.sh/v135/@octokit/oauth-app@6.0.0/denonext/oauth-app.mjs": "a657094cb2a799a4ba7364351fdfe83af1d21c51d2d1ac8dd09006b1c235b904",
    "https://esm.sh/v135/@octokit/oauth-authorization-url@6.0.2/denonext/oauth-authorization-url.mjs": "c4a3809c1092ab4135bbb65ba82e885b915a3e0b68e8c9554c98766388baa399",
    "https://esm.sh/v135/@octokit/oauth-methods@4.0.0/denonext/oauth-methods.mjs": "359d27e6a203d839ab9d9019baab5e48f30c006e112875e55e0573f5d048edd8",
    "https://esm.sh/v135/@octokit/plugin-paginate-graphql@4.0.0/denonext/plugin-paginate-graphql.mjs": "a5cecabc85094e79ec138accb9f901d01af7d3eda10f101b6f30c45ce934a354",
    "https://esm.sh/v135/@octokit/plugin-paginate-rest@8.0.0/denonext/plugin-paginate-rest.mjs": "8ed6e17dcb65d460c99fe3c3133c20b566fa2c7c4aedcf931e795ea2ca46e24f",
    "https://esm.sh/v135/@octokit/plugin-paginate-rest@9.1.4/denonext/plugin-paginate-rest.mjs": "6c9ba63573f33f1d8fb57ba720c8f7ebca633767cd9a0e0e3fa25c2fa91cbaa1",
    "https://esm.sh/v135/@octokit/plugin-rest-endpoint-methods@10.1.5/denonext/plugin-rest-endpoint-methods.mjs": "2252ba9ecfd252ef2e1f86c29ba6ef7c15f7bf308f74aace5d9ae511cb9a8538",
    "https://esm.sh/v135/@octokit/plugin-rest-endpoint-methods@9.0.0/denonext/plugin-rest-endpoint-methods.mjs": "84a5baa44ee16c3ffe9347291fbc106aefa5e57c48b31eacf6bb0ca60b7ad5cd",
    "https://esm.sh/v135/@octokit/plugin-retry@6.0.1/denonext/plugin-retry.mjs": "748a9c9f95567f793f79f6c46f26ec27fc3f4c99ba024ad278cd4768d94fc2bf",
    "https://esm.sh/v135/@octokit/plugin-throttling@7.0.0/denonext/plugin-throttling.mjs": "7d94efc2c625184d775fbf2e4fcede3c7b0b367258964f089df748b063634b75",
    "https://esm.sh/v135/@octokit/plugin-throttling@8.1.3/denonext/plugin-throttling.mjs": "3beb99119538438e6d27a613f31404ce291cf9a5696dac8aaf14bcf6a88de35a",
    "https://esm.sh/v135/@octokit/request-error@5.0.1/denonext/request-error.mjs": "29545da3e16820c62df13044b08c0238e1b26b0cdaaaaad5049899f45a75b8a8",
    "https://esm.sh/v135/@octokit/request@8.1.5/denonext/request.mjs": "566127b020f1790f6e79217464ca2c633381497b78b197031d11168c99896d81",
    "https://esm.sh/v135/@octokit/request@8.1.6/denonext/request.mjs": "9a63ba0df8cc60838b04851ea1b18ec989131ace2641f2ea540127b4328934f1",
    "https://esm.sh/v135/@octokit/webhooks-methods@4.0.0/denonext/webhooks-methods.mjs": "b44d80a07e6e698c95a2fc2789e2caf10b4ff821300e947b2e79c449453a7a19",
    "https://esm.sh/v135/@octokit/webhooks@12.0.8/denonext/webhooks.mjs": "17e72b77385247c8b81b9baeaf65b30a95eb80d7e4a442856033c5a13490e77e",
    "https://esm.sh/v135/aggregate-error@3.1.0/denonext/aggregate-error.mjs": "7f1b0c33a6a93091f69cf635c21670b53e1cc5f8dde9042ad7e4fbf371237aba",
    "https://esm.sh/v135/before-after-hook@2.2.3/denonext/before-after-hook.mjs": "f4262d059d899d7fcaa8d903bcf352df38ac1c040bb45273d79de200ffdad267",
    "https://esm.sh/v135/bottleneck@2.19.5/denonext/light.js": "964cbaaa1bf999d34a2410023ae269f921c82c72009c707a1fd02fb6abad5b1d",
    "https://esm.sh/v135/btoa-lite@1.0.0/denonext/btoa-lite.mjs": "5f8ecdf77c8824225e30cf84b62ded0fa667ef51fe1a8b772b1ddf46410bf78f",
    "https://esm.sh/v135/clean-stack@2.2.0/denonext/clean-stack.mjs": "8a2732fd195c0663d9f8a3957932215f3d4cb45dbe2f4747c9f39a966a4f067b",
    "https://esm.sh/v135/deprecation@2.3.1/denonext/deprecation.mjs": "0bf7139d1068345709e59dddb4daea315691d290a8c896a6e076dea02dd66eaf",
    "https://esm.sh/v135/indent-string@4.0.0/denonext/indent-string.mjs": "de4038b836a42fe2a7c453bd0b44cdae706a9560bbef99b1857c13f9d55ace14",
    "https://esm.sh/v135/is-plain-object@5.0.0/denonext/is-plain-object.mjs": "6d9568ddc8b90de99a46c63e14984810280b6b021dc4e478803b3c240811985f",
    "https://esm.sh/v135/lru-cache@10.0.3/denonext/lru-cache.mjs": "2d4e2536e768b1b5f84e7e0fddd277d007925b6377b7971497383ff1e47a75e6",
    "https://esm.sh/v135/octokit@3.0.0/denonext/octokit.mjs": "5674980256c6b88ac1d0ec6f525c4eb230657796eed881e9c17580ce3132f2f0",
    "https://esm.sh/v135/octokit@3.1.2/denonext/octokit.mjs": "c4b017c39398f8dd882e22703fb3a8b84e263cf06be38ef48fd8cb71e0b1fb0c",
    "https://esm.sh/v135/once@1.4.0/denonext/once.mjs": "5ab9193c36609f6c5cf6f1e2e37dd952c87d8ff0b0267433c29b228a2c470cd5",
    "https://esm.sh/v135/universal-github-app-jwt@1.1.1/denonext/universal-github-app-jwt.mjs": "546280ef9d50e167172bc039c0c2f4348a728ae1732f467af726b08491d2ea18",
    "https://esm.sh/v135/universal-user-agent@6.0.1/denonext/universal-user-agent.mjs": "053324bcacbaf066d185d6bf0a3797ee474d975f720ce75351238e420fc82c22",
    "https://esm.sh/v135/wrappy@1.0.2/denonext/wrappy.mjs": "3c31e4782e0307cf56b319fcec6110f925dafe6cb47a8fa23350d480f5fa8b06"
  }
}
